
Microsoft Visual Studio Solution File, Format Version 12.00
# Visual Studio 15
VisualStudioVersion = 15.0.27130.2027
MinimumVisualStudioVersion = 10.0.40219.1
Project("{FAE04EC0-301F-11D3-BF4B-00C04F79EFBC}") = "Send-Card", "Send-Card\Send-Card.csproj", "{8753C0AB-A37A-4D7B-A0F9-D157B55E8D5A}"
EndProject
Global
	GlobalSection(SolutionConfigurationPlatforms) = preSolution
		Debug|Any CPU = Debug|Any CPU
		Release|Any CPU = Release|Any CPU
	EndGlobalSection
	GlobalSection(ProjectConfigurationPlatforms) = postSolution
		{8753C0AB-A37A-4D7B-A0F9-D157B55E8D5A}.Debug|Any CPU.ActiveCfg = Debug|Any CPU
		{8753C0AB-A37A-4D7B-A0F9-D157B55E8D5A}.Debug|Any CPU.Build.0 = Debug|Any CPU
		{8753C0AB-A37A-4D7B-A0F9-D157B55E8D5A}.Release|Any CPU.ActiveCfg = Release|Any CPU
		{8753C0AB-A37A-4D7B-A0F9-D157B55E8D5A}.Release|Any CPU.Build.0 = Release|Any CPU
	EndGlobalSection
	GlobalSection(SolutionProperties) = preSolution
		HideSolutionNode = FALSE
	EndGlobalSection
	GlobalSection(ExtensibilityGlobals) = postSolution
		SolutionGuid = {43209327-2593-4C11-AD96-080079FA6B60}
	EndGlobalSection
EndGlobal
